// !$*UTF8*$!
{
	archiveVersion = 1;
	classes = {
	};
	objectVersion = 46;
	objects = {

/* Begin PBXBuildFile section */
		1EAAF84D1E8A424E005F0ECD /* AppDelegate.swift in Sources */ = {isa = PBXBuildFile; fileRef = 1EAAF84C1E8A424E005F0ECD /* AppDelegate.swift */; };
		1EAAF84F1E8A424E005F0ECD /* ViewController.swift in Sources */ = {isa = PBXBuildFile; fileRef = 1EAAF84E1E8A424E005F0ECD /* ViewController.swift */; };
		1EAAF8521E8A424E005F0ECD /* Main.storyboard in Resources */ = {isa = PBXBuildFile; fileRef = 1EAAF8501E8A424E005F0ECD /* Main.storyboard */; };
		1EAAF8541E8A424E005F0ECD /* Assets.xcassets in Resources */ = {isa = PBXBuildFile; fileRef = 1EAAF8531E8A424E005F0ECD /* Assets.xcassets */; };
		1EAAF8571E8A424E005F0ECD /* LaunchScreen.storyboard in Resources */ = {isa = PBXBuildFile; fileRef = 1EAAF8551E8A424E005F0ECD /* LaunchScreen.storyboard */; };
/* End PBXBuildFile section */

/* Begin PBXFileReference section */
		1EAAF8491E8A424E005F0ECD /* Culculator.app */ = {isa = PBXFileReference; explicitFileType = wrapper.application; includeInIndex = 0; path = Culculator.app; sourceTree = BUILT_PRODUCTS_DIR; };
		1EAAF84C1E8A424E005F0ECD /* AppDelegate.swift */ = {isa = PBXFileReference; lastKnownFileType = sourcecode.swift; path = AppDelegate.swift; sourceTree = "<group>"; };
		1EAAF84E1E8A424E005F0ECD /* ViewController.swift */ = {isa = PBXFileReference; lastKnownFileType = sourcecode.swift; path = ViewController.swift; sourceTree = "<group>"; };
		1EAAF8511E8A424E005F0ECD /* Base */ = {isa = PBXFileReference; lastKnownFileType = file.storyboard; name = Base; path = Base.lproj/Main.storyboard; sourceTree = "<group>"; };
		1EAAF8531E8A424E005F0ECD /* Assets.xcassets */ = {isa = PBXFileReference; lastKnownFileType = folder.assetcatalog; path = Assets.xcassets; sourceTree = "<group>"; };
		1EAAF8561E8A424E005F0ECD /* Base */ = {isa = PBXFileReference; lastKnownFileType = file.storyboard; name = Base; path = Base.lproj/LaunchScreen.storyboard; sourceTree = "<group>"; };
		1EAAF8581E8A424E005F0ECD /* Info.plist */ = {isa = PBXFileReference; lastKnownFileType = text.plist.xml; path = Info.plist; sourceTree = "<group>"; };
/* End PBXFileReference section */

/* Begin PBXFrameworksBuildPhase section */
		1EAAF8461E8A424E005F0ECD /* Frameworks */ = {
			isa = PBXFrameworksBuildPhase;
			buildActionMask = 2147483647;
			files = (
			);
			runOnlyForDeploymentPostprocessing = 0;
		};
/* End PBXFrameworksBuildPhase section */

/* Begin PBXGroup section */
		1EAAF8401E8A424E005F0ECD = {
			isa = PBXGroup;
			children = (
				1EAAF84B1E8A424E005F0ECD /* Culculator */,
				1EAAF84A1E8A424E005F0ECD /* Products */,
			);
			sourceTree = "<group>";
		};
		1EAAF84A1E8A424E005F0ECD /* Products */ = {
			isa = PBXGroup;
			children = (
				1EAAF8491E8A424E005F0ECD /* Culculator.app */,
			);
			name = Products;
			sourceTree = "<group>";
		};
		1EAAF84B1E8A424E005F0ECD /* Culculator */ = {
			isa = PBXGroup;
			children = (
				1EAAF84C1E8A424E005F0ECD /* AppDelegate.swift */,
				1EAAF84E1E8A424E005F0ECD /* ViewController.swift */,
				1EAAF8501E8A424E005F0ECD /* Main.storyboard */,
				1EAAF8531E8A424E005F0ECD /* Assets.xcassets */,
				1EAAF8551E8A424E005F0ECD /* LaunchScreen.storyboard */,
				1EAAF8581E8A424E005F0ECD /* Info.plist */,
			);
			path = Culculator;
			sourceTree = "<group>";
		};
/* End PBXGroup section */

/* Begin PBXNativeTarget section */
		1EAAF8481E8A424E005F0ECD /* Culculator */ = {
			isa = PBXNativeTarget;
			buildConfigurationList = 1EAAF85B1E8A424E005F0ECD /* Build configuration list for PBXNativeTarget "Culculator" */;
			buildPhases = (
				1EAAF8451E8A424E005F0ECD /* Sources */,
				1EAAF8461E8A424E005F0ECD /* Frameworks */,
				1EAAF8471E8A424E005F0ECD /* Resources */,
			);
			buildRules = (
			);
			dependencies = (
			);
			name = Culculator;
			productName = Culculator;
			productReference = 1EAAF8491E8A424E005F0ECD /* Culculator.app */;
			productType = "com.apple.product-type.application";
		};
/* End PBXNativeTarget section */

/* Begin PBXProject section */
		1EAAF8411E8A424E005F0ECD /* Project object */ = {
			isa = PBXProject;
			attributes = {
				LastSwiftUpdateCheck = 0820;
				LastUpgradeCheck = 0820;
				ORGANIZATIONNAME = "後藤奈々美";
				TargetAttributes = {
					1EAAF8481E8A424E005F0ECD = {
						CreatedOnToolsVersion = 8.2.1;
						ProvisioningStyle = Automatic;
					};
				};
			};
			buildConfigurationList = 1EAAF8441E8A424E005F0ECD /* Build configuration list for PBXProject "Culculator" */;
			compatibilityVersion = "Xcode 3.2";
			developmentRegion = English;
			hasScannedForEncodings = 0;
			knownRegions = (
				en,
				Base,
			);
			mainGroup = 1EAAF8401E8A424E005F0ECD;
			productRefGroup = 1EAAF84A1E8A424E005F0ECD /* Products */;
			projectDirPath = "";
			projectRoot = "";
			targets = (
				1EAAF8481E8A424E005F0ECD /* Culculator */,
			);
		};
/* End PBXProject section */

/* Begin PBXResourcesBuildPhase section */
		1EAAF8471E8A424E005F0ECD /* Resources */ = {
			isa = PBXResourcesBuildPhase;
			buildActionMask = 2147483647;
			files = (
				1EAAF8571E8A424E005F0ECD /* LaunchScreen.storyboard in Resources */,
				1EAAF8541E8A424E005F0ECD /* Assets.xcassets in Resources */,
				1EAAF8521E8A424E005F0ECD /* Main.storyboard in Resources */,
			);
			runOnlyForDeploymentPostprocessing = 0;
		};
/* End PBXResourcesBuildPhase section */

/* Begin PBXSourcesBuildPhase section */
		1EAAF8451E8A424E005F0ECD /* Sources */ = {
			isa = PBXSourcesBuildPhase;
			buildActionMask = 2147483647;
			files = (
				1EAAF84F1E8A424E005F0ECD /* ViewController.swift in Sources */,
				1EAAF84D1E8A424E005F0ECD /* AppDelegate.swift in Sources */,
			);
			runOnlyForDeploymentPostprocessing = 0;
		};
/* End PBXSourcesBuildPhase section */

/* Begin PBXVariantGroup section */
		1EAAF8501E8A424E005F0ECD /* Main.storyboard */ = {
			isa = PBXVariantGroup;
			children = (
				1EAAF8511E8A424E005F0ECD /* Base */,
			);
			name = Main.storyboard;
			sourceTree = "<group>";
		};
		1EAAF8551E8A424E005F0ECD /* LaunchScreen.storyboard */ = {
			isa = PBXVariantGroup;
			children = (
				1EAAF8561E8A424E005F0ECD /* Base */,
			);
			name = LaunchScreen.storyboard;
			sourceTree = "<group>";
		};
/* End PBXVariantGroup section */

/* Begin XCBuildConfiguration section */
		1EAAF8591E8A424E005F0ECD /* Debug */ = {
			isa = XCBuildConfiguration;
			buildSettings = {
				ALWAYS_SEARCH_USER_PATHS = NO;
				CLANG_ANALYZER_NONNULL = YES;
				CLANG_CXX_LANGUAGE_STANDARD = "gnu++0x";
				CLANG_CXX_LIBRARY = "libc++";
				CLANG_ENABLE_MODULES = YES;
				CLANG_ENABLE_OBJC_ARC = YES;
				CLANG_WARN_BOOL_CONVERSION = YES;
				CLANG_WARN_CONSTANT_CONVERSION = YES;
				CLANG_WARN_DIRECT_OBJC_ISA_USAGE = YES_ERROR;
				CLANG_WARN_DOCUMENTATION_COMMENTS = YES;
				CLANG_WARN_EMPTY_BODY = YES;
				CLANG_WARN_ENUM_CONVERSION = YES;
				CLANG_WARN_INFINITE_RECURSION = YES;
				CLANG_WARN_INT_CONVERSION = YES;
				CLANG_WARN_OBJC_ROOT_CLASS = YES_ERROR;
				CLANG_WARN_SUSPICIOUS_MOVE = YES;
				CLANG_WARN_UNREACHABLE_CODE = YES;
				CLANG_WARN__DUPLICATE_METHOD_MATCH = YES;
				"CODE_SIGN_IDENTITY[sdk=iphoneos*]" = "iPhone Developer";
				COPY_PHASE_STRIP = NO;
				DEBUG_INFORMATION_FORMAT = dwarf;
				ENABLE_STRICT_OBJC_MSGSEND = YES;
				ENABLE_TESTABILITY = YES;
				GCC_C_LANGUAGE_STANDARD = gnu99;
				GCC_DYNAMIC_NO_PIC = NO;
				GCC_NO_COMMON_BLOCKS = YES;
				GCC_OPTIMIZATION_LEVEL = 0;
				GCC_PREPROCESSOR_DEFINITIONS = (
					"DEBUG=1",
					"$(inherited)",
				);
				GCC_WARN_64_TO_32_BIT_CONVERSION = YES;
				GCC_WARN_ABOUT_RETURN_TYPE = YES_ERROR;
				GCC_WARN_UNDECLARED_SELECTOR = YES;
				GCC_WARN_UNINITIALIZED_AUTOS = YES_AGGRESSIVE;
				GCC_WARN_UNUSED_FUNCTION = YES;
				GCC_WARN_UNUSED_VARIABLE = YES;
				IPHONEOS_DEPLOYMENT_TARGET = 10.2;
				MTL_ENABLE_DEBUG_INFO = YES;
				ONLY_ACTIVE_ARCH = YES;
				SDKROOT = iphoneos;
				SWIFT_ACTIVE_COMPILATION_CONDITIONS = DEBUG;
				SWIFT_OPTIMIZATION_LEVEL = "-Onone";
			};
			name = Debug;
		};
		1EAAF85A1E8A424E005F0ECD /* Release */ = {
			isa = XCBuildConfiguration;
			buildSettings = {
				ALWAYS_SEARCH_USER_PATHS = NO;
				CLANG_ANALYZER_NONNULL = YES;
				CLANG_CXX_LANGUAGE_STANDARD = "gnu++0x";
				CLANG_CXX_LIBRARY = "libc++";
				CLANG_ENABLE_MODULES = YES;
				CLANG_ENABLE_OBJC_ARC = YES;
				CLANG_WARN_BOOL_CONVERSION = YES;
				CLANG_WARN_CONSTANT_CONVERSION = YES;
				CLANG_WARN_DIRECT_OBJC_ISA_USAGE = YES_ERROR;
				CLANG_WARN_DOCUMENTATION_COMMENTS = YES;
				CLANG_WARN_EMPTY_BODY = YES;
				CLANG_WARN_ENUM_CONVERSION = YES;
				CLANG_WARN_INFINITE_RECURSION = YES;
				CLANG_WARN_INT_CONVERSION = YES;
				CLANG_WARN_OBJC_ROOT_CLASS = YES_ERROR;
				CLANG_WARN_SUSPICIOUS_MOVE = YES;
				CLANG_WARN_UNREACHABLE_CODE = YES;
				CLANG_WARN__DUPLICATE_METHOD_MATCH = YES;
				"CODE_SIGN_IDENTITY[sdk=iphoneos*]" = "iPhone Developer";
				COPY_PHASE_STRIP = NO;
				DEBUG_INFORMATION_FORMAT = "dwarf-with-dsym";
				ENABLE_NS_ASSERTIONS = NO;
				ENABLE_STRICT_OBJC_MSGSEND = YES;
				GCC_C_LANGUAGE_STANDARD = gnu99;
				GCC_NO_COMMON_BLOCKS = YES;
				GCC_WARN_64_TO_32_BIT_CONVERSION = YES;
				GCC_WARN_ABOUT_RETURN_TYPE = YES_ERROR;
				GCC_WARN_UNDECLARED_SELECTOR = YES;
				GCC_WARN_UNINITIALIZED_AUTOS = YES_AGGRESSIVE;
				GCC_WARN_UNUSED_FUNCTION = YES;
				GCC_WARN_UNUSED_VARIABLE = YES;
				IPHONEOS_DEPLOYMENT_TARGET = 10.2;
				MTL_ENABLE_DEBUG_INFO = NO;
				SDKROOT = iphoneos;
				SWIFT_OPTIMIZATION_LEVEL = "-Owholemodule";
				VALIDATE_PRODUCT = YES;
			};
			name = Release;
		};
		1EAAF85C1E8A424E005F0ECD /* Debug */ = {
			isa = XCBuildConfiguration;
			buildSettings = {
				ASSETCATALOG_COMPILER_APPICON_NAME = AppIcon;
				INFOPLIST_FILE = Culculator/Info.plist;
				LD_RUNPATH_SEARCH_PATHS = "$(inherited) @executable_path/Frameworks";
				PRODUCT_BUNDLE_IDENTIFIER = Com.litech.Culculator;
				PRODUCT_NAME = "$(TARGET_NAME)";
				SWIFT_VERSION = 3.0;
			};
			name = Debug;
		};
		1EAAF85D1E8A424E005F0ECD /* Release */ = {
			isa = XCBuildConfiguration;
			buildSettings = {
				ASSETCATALOG_COMPILER_APPICON_NAME = AppIcon;
				INFOPLIST_FILE = Culculator/Info.plist;
				LD_RUNPATH_SEARCH_PATHS = "$(inherited) @executable_path/Frameworks";
				PRODUCT_BUNDLE_IDENTIFIER = Com.litech.Culculator;
				PRODUCT_NAME = "$(TARGET_NAME)";
				SWIFT_VERSION = 3.0;
			};
			name = Release;
		};
/* End XCBuildConfiguration section */

/* Begin XCConfigurationList section */
		1EAAF8441E8A424E005F0ECD /* Build configuration list for PBXProject "Culculator" */ = {
			isa = XCConfigurationList;
			buildConfigurations = (
				1EAAF8591E8A424E005F0ECD /* Debug */,
				1EAAF85A1E8A424E005F0ECD /* Release */,
			);
			defaultConfigurationIsVisible = 0;
			defaultConfigurationName = Release;
		};
		1EAAF85B1E8A424E005F0ECD /* Build configuration list for PBXNativeTarget "Culculator" */ = {
			isa = XCConfigurationList;
			buildConfigurations = (
				1EAAF85C1E8A424E005F0ECD /* Debug */,
				1EAAF85D1E8A424E005F0ECD /* Release */,
			);
			defaultConfigurationIsVisible = 0;
		};
/* End XCConfigurationList section */
	};
	rootObject = 1EAAF8411E8A424E005F0ECD /* Project object */;
}
